// !$*UTF8*$!
{
	archiveVersion = 1;
	classes = {
	};
	objectVersion = 55;
	objects = {

/* Begin PBXBuildFile section */
		377BAD312728176000A0CB14 /* CoffeeOrderingAppApp.swift in Sources */ = {isa = PBXBuildFile; fileRef = 377BAD302728176000A0CB14 /* CoffeeOrderingAppApp.swift */; };
		377BAD332728176000A0CB14 /* ContentView.swift in Sources */ = {isa = PBXBuildFile; fileRef = 377BAD322728176000A0CB14 /* ContentView.swift */; };
		377BAD352728176300A0CB14 /* Assets.xcassets in Resources */ = {isa = PBXBuildFile; fileRef = 377BAD342728176300A0CB14 /* Assets.xcassets */; };
		377BAD382728176300A0CB14 /* Preview Assets.xcassets in Resources */ = {isa = PBXBuildFile; fileRef = 377BAD372728176300A0CB14 /* Preview Assets.xcassets */; };
		377BAD40272817B600A0CB14 /* Coffee.swift in Sources */ = {isa = PBXBuildFile; fileRef = 377BAD3F272817B600A0CB14 /* Coffee.swift */; };
		377BAD42272817C300A0CB14 /* Order.swift in Sources */ = {isa = PBXBuildFile; fileRef = 377BAD41272817C300A0CB14 /* Order.swift */; };
		377BAD4527281B2500A0CB14 /* WebService.swift in Sources */ = {isa = PBXBuildFile; fileRef = 377BAD4427281B2500A0CB14 /* WebService.swift */; };
		377BAD48272822E200A0CB14 /* OrderListViewModel.swift in Sources */ = {isa = PBXBuildFile; fileRef = 377BAD47272822E200A0CB14 /* OrderListViewModel.swift */; };
		377BAD4B272825D100A0CB14 /* OrderListView.swift in Sources */ = {isa = PBXBuildFile; fileRef = 377BAD4A272825D100A0CB14 /* OrderListView.swift */; };
		377BAD4D27282F1C00A0CB14 /* CreateOrderResponse.swift in Sources */ = {isa = PBXBuildFile; fileRef = 377BAD4C27282F1C00A0CB14 /* CreateOrderResponse.swift */; };
		377BAD4F272830BB00A0CB14 /* AddCoffeeOrderViewModel.swift in Sources */ = {isa = PBXBuildFile; fileRef = 377BAD4E272830BB00A0CB14 /* AddCoffeeOrderViewModel.swift */; };
		377BAD512728325F00A0CB14 /* CoffeeViewModel.swift in Sources */ = {isa = PBXBuildFile; fileRef = 377BAD502728325F00A0CB14 /* CoffeeViewModel.swift */; };
		377BAD532728415E00A0CB14 /* AddCoffeeOrderView.swift in Sources */ = {isa = PBXBuildFile; fileRef = 377BAD522728415E00A0CB14 /* AddCoffeeOrderView.swift */; };
		37D85B1627293462005C1C91 /* OrderTotalView.swift in Sources */ = {isa = PBXBuildFile; fileRef = 37D85B1527293461005C1C91 /* OrderTotalView.swift */; };
/* End PBXBuildFile section */

/* Begin PBXFileReference section */
		377BAD2D2728176000A0CB14 /* CoffeeOrderingApp.app */ = {isa = PBXFileReference; explicitFileType = wrapper.application; includeInIndex = 0; path = CoffeeOrderingApp.app; sourceTree = BUILT_PRODUCTS_DIR; };
		377BAD302728176000A0CB14 /* CoffeeOrderingAppApp.swift */ = {isa = PBXFileReference; lastKnownFileType = sourcecode.swift; path = CoffeeOrderingAppApp.swift; sourceTree = "<group>"; };
		377BAD322728176000A0CB14 /* ContentView.swift */ = {isa = PBXFileReference; lastKnownFileType = sourcecode.swift; path = ContentView.swift; sourceTree = "<group>"; };
		377BAD342728176300A0CB14 /* Assets.xcassets */ = {isa = PBXFileReference; lastKnownFileType = folder.assetcatalog; path = Assets.xcassets; sourceTree = "<group>"; };
		377BAD372728176300A0CB14 /* Preview Assets.xcassets */ = {isa = PBXFileReference; lastKnownFileType = folder.assetcatalog; path = "Preview Assets.xcassets"; sourceTree = "<group>"; };
		377BAD3F272817B600A0CB14 /* Coffee.swift */ = {isa = PBXFileReference; lastKnownFileType = sourcecode.swift; path = Coffee.swift; sourceTree = "<group>"; };
		377BAD41272817C300A0CB14 /* Order.swift */ = {isa = PBXFileReference; lastKnownFileType = sourcecode.swift; path = Order.swift; sourceTree = "<group>"; };
		377BAD4427281B2500A0CB14 /* WebService.swift */ = {isa = PBXFileReference; lastKnownFileType = sourcecode.swift; path = WebService.swift; sourceTree = "<group>"; };
		377BAD47272822E200A0CB14 /* OrderListViewModel.swift */ = {isa = PBXFileReference; lastKnownFileType = sourcecode.swift; path = OrderListViewModel.swift; sourceTree = "<group>"; };
		377BAD4A272825D100A0CB14 /* OrderListView.swift */ = {isa = PBXFileReference; lastKnownFileType = sourcecode.swift; path = OrderListView.swift; sourceTree = "<group>"; };
		377BAD4C27282F1C00A0CB14 /* CreateOrderResponse.swift */ = {isa = PBXFileReference; lastKnownFileType = sourcecode.swift; path = CreateOrderResponse.swift; sourceTree = "<group>"; };
		377BAD4E272830BB00A0CB14 /* AddCoffeeOrderViewModel.swift */ = {isa = PBXFileReference; lastKnownFileType = sourcecode.swift; path = AddCoffeeOrderViewModel.swift; sourceTree = "<group>"; };
		377BAD502728325F00A0CB14 /* CoffeeViewModel.swift */ = {isa = PBXFileReference; lastKnownFileType = sourcecode.swift; path = CoffeeViewModel.swift; sourceTree = "<group>"; };
		377BAD522728415E00A0CB14 /* AddCoffeeOrderView.swift */ = {isa = PBXFileReference; lastKnownFileType = sourcecode.swift; path = AddCoffeeOrderView.swift; sourceTree = "<group>"; };
		37D85B1527293461005C1C91 /* OrderTotalView.swift */ = {isa = PBXFileReference; lastKnownFileType = sourcecode.swift; path = OrderTotalView.swift; sourceTree = "<group>"; };
/* End PBXFileReference section */

/* Begin PBXFrameworksBuildPhase section */
		377BAD2A2728176000A0CB14 /* Frameworks */ = {
			isa = PBXFrameworksBuildPhase;
			buildActionMask = 2147483647;
			files = (
			);
			runOnlyForDeploymentPostprocessing = 0;
		};
/* End PBXFrameworksBuildPhase section */

/* Begin PBXGroup section */
		377BAD242728176000A0CB14 = {
			isa = PBXGroup;
			children = (
				377BAD2F2728176000A0CB14 /* CoffeeOrderingApp */,
				377BAD2E2728176000A0CB14 /* Products */,
			);
			sourceTree = "<group>";
		};
		377BAD2E2728176000A0CB14 /* Products */ = {
			isa = PBXGroup;
			children = (
				377BAD2D2728176000A0CB14 /* CoffeeOrderingApp.app */,
			);
			name = Products;
			sourceTree = "<group>";
		};
		377BAD2F2728176000A0CB14 /* CoffeeOrderingApp */ = {
			isa = PBXGroup;
			children = (
				377BAD49272825A500A0CB14 /* Views */,
				377BAD4627281CF000A0CB14 /* ViewModels */,
				377BAD4327281A7000A0CB14 /* Services */,
				377BAD3E2728179E00A0CB14 /* Models */,
				377BAD302728176000A0CB14 /* CoffeeOrderingAppApp.swift */,
				377BAD342728176300A0CB14 /* Assets.xcassets */,
				377BAD362728176300A0CB14 /* Preview Content */,
			);
			path = CoffeeOrderingApp;
			sourceTree = "<group>";
		};
		377BAD362728176300A0CB14 /* Preview Content */ = {
			isa = PBXGroup;
			children = (
				377BAD372728176300A0CB14 /* Preview Assets.xcassets */,
			);
			path = "Preview Content";
			sourceTree = "<group>";
		};
		377BAD3E2728179E00A0CB14 /* Models */ = {
			isa = PBXGroup;
			children = (
				377BAD3F272817B600A0CB14 /* Coffee.swift */,
				377BAD41272817C300A0CB14 /* Order.swift */,
				377BAD4C27282F1C00A0CB14 /* CreateOrderResponse.swift */,
			);
			path = Models;
			sourceTree = "<group>";
		};
		377BAD4327281A7000A0CB14 /* Services */ = {
			isa = PBXGroup;
			children = (
				377BAD4427281B2500A0CB14 /* WebService.swift */,
			);
			path = Services;
			sourceTree = "<group>";
		};
		377BAD4627281CF000A0CB14 /* ViewModels */ = {
			isa = PBXGroup;
			children = (
				377BAD47272822E200A0CB14 /* OrderListViewModel.swift */,
				377BAD4E272830BB00A0CB14 /* AddCoffeeOrderViewModel.swift */,
				377BAD502728325F00A0CB14 /* CoffeeViewModel.swift */,
			);
			path = ViewModels;
			sourceTree = "<group>";
		};
		377BAD49272825A500A0CB14 /* Views */ = {
			isa = PBXGroup;
			children = (
				377BAD322728176000A0CB14 /* ContentView.swift */,
				377BAD4A272825D100A0CB14 /* OrderListView.swift */,
				377BAD522728415E00A0CB14 /* AddCoffeeOrderView.swift */,
				37D85B1527293461005C1C91 /* OrderTotalView.swift */,
			);
			path = Views;
			sourceTree = "<group>";
		};
/* End PBXGroup section */

/* Begin PBXNativeTarget section */
		377BAD2C2728176000A0CB14 /* CoffeeOrderingApp */ = {
			isa = PBXNativeTarget;
			buildConfigurationList = 377BAD3B2728176300A0CB14 /* Build configuration list for PBXNativeTarget "CoffeeOrderingApp" */;
			buildPhases = (
				377BAD292728176000A0CB14 /* Sources */,
				377BAD2A2728176000A0CB14 /* Frameworks */,
				377BAD2B2728176000A0CB14 /* Resources */,
			);
			buildRules = (
			);
			dependencies = (
			);
			name = CoffeeOrderingApp;
			productName = CoffeeOrderingApp;
			productReference = 377BAD2D2728176000A0CB14 /* CoffeeOrderingApp.app */;
			productType = "com.apple.product-type.application";
		};
/* End PBXNativeTarget section */

/* Begin PBXProject section */
		377BAD252728176000A0CB14 /* Project object */ = {
			isa = PBXProject;
			attributes = {
				BuildIndependentTargetsInParallel = 1;
				LastSwiftUpdateCheck = 1300;
				LastUpgradeCheck = 1300;
				TargetAttributes = {
					377BAD2C2728176000A0CB14 = {
						CreatedOnToolsVersion = 13.0;
					};
				};
			};
			buildConfigurationList = 377BAD282728176000A0CB14 /* Build configuration list for PBXProject "CoffeeOrderingApp" */;
			compatibilityVersion = "Xcode 13.0";
			developmentRegion = en;
			hasScannedForEncodings = 0;
			knownRegions = (
				en,
				Base,
			);
			mainGroup = 377BAD242728176000A0CB14;
			productRefGroup = 377BAD2E2728176000A0CB14 /* Products */;
			projectDirPath = "";
			projectRoot = "";
			targets = (
				377BAD2C2728176000A0CB14 /* CoffeeOrderingApp */,
			);
		};
/* End PBXProject section */

/* Begin PBXResourcesBuildPhase section */
		377BAD2B2728176000A0CB14 /* Resources */ = {
			isa = PBXResourcesBuildPhase;
			buildActionMask = 2147483647;
			files = (
				377BAD382728176300A0CB14 /* Preview Assets.xcassets in Resources */,
				377BAD352728176300A0CB14 /* Assets.xcassets in Resources */,
			);
			runOnlyForDeploymentPostprocessing = 0;
		};
/* End PBXResourcesBuildPhase section */

/* Begin PBXSourcesBuildPhase section */
		377BAD292728176000A0CB14 /* Sources */ = {
			isa = PBXSourcesBuildPhase;
			buildActionMask = 2147483647;
			files = (
				377BAD332728176000A0CB14 /* ContentView.swift in Sources */,
				377BAD532728415E00A0CB14 /* AddCoffeeOrderView.swift in Sources */,
				377BAD312728176000A0CB14 /* CoffeeOrderingAppApp.swift in Sources */,
				377BAD512728325F00A0CB14 /* CoffeeViewModel.swift in Sources */,
				377BAD42272817C300A0CB14 /* Order.swift in Sources */,
				377BAD4D27282F1C00A0CB14 /* CreateOrderResponse.swift in Sources */,
				377BAD4B272825D100A0CB14 /* OrderListView.swift in Sources */,
				377BAD48272822E200A0CB14 /* OrderListViewModel.swift in Sources */,
				377BAD4527281B2500A0CB14 /* WebService.swift in Sources */,
				377BAD4F272830BB00A0CB14 /* AddCoffeeOrderViewModel.swift in Sources */,
				37D85B1627293462005C1C91 /* OrderTotalView.swift in Sources */,
				377BAD40272817B600A0CB14 /* Coffee.swift in Sources */,
			);
			runOnlyForDeploymentPostprocessing = 0;
		};
/* End PBXSourcesBuildPhase section */

/* Begin XCBuildConfiguration section */
		377BAD392728176300A0CB14 /* Debug */ = {
			isa = XCBuildConfiguration;
			buildSettings = {
				ALWAYS_SEARCH_USER_PATHS = NO;
				CLANG_ANALYZER_NONNULL = YES;
				CLANG_ANALYZER_NUMBER_OBJECT_CONVERSION = YES_AGGRESSIVE;
				CLANG_CXX_LANGUAGE_STANDARD = "gnu++17";
				CLANG_CXX_LIBRARY = "libc++";
				CLANG_ENABLE_MODULES = YES;
				CLANG_ENABLE_OBJC_ARC = YES;
				CLANG_ENABLE_OBJC_WEAK = YES;
				CLANG_WARN_BLOCK_CAPTURE_AUTORELEASING = YES;
				CLANG_WARN_BOOL_CONVERSION = YES;
				CLANG_WARN_COMMA = YES;
				CLANG_WARN_CONSTANT_CONVERSION = YES;
				CLANG_WARN_DEPRECATED_OBJC_IMPLEMENTATIONS = YES;
				CLANG_WARN_DIRECT_OBJC_ISA_USAGE = YES_ERROR;
				CLANG_WARN_DOCUMENTATION_COMMENTS = YES;
				CLANG_WARN_EMPTY_BODY = YES;
				CLANG_WARN_ENUM_CONVERSION = YES;
				CLANG_WARN_INFINITE_RECURSION = YES;
				CLANG_WARN_INT_CONVERSION = YES;
				CLANG_WARN_NON_LITERAL_NULL_CONVERSION = YES;
				CLANG_WARN_OBJC_IMPLICIT_RETAIN_SELF = YES;
				CLANG_WARN_OBJC_LITERAL_CONVERSION = YES;
				CLANG_WARN_OBJC_ROOT_CLASS = YES_ERROR;
				CLANG_WARN_QUOTED_INCLUDE_IN_FRAMEWORK_HEADER = YES;
				CLANG_WARN_RANGE_LOOP_ANALYSIS = YES;
				CLANG_WARN_STRICT_PROTOTYPES = YES;
				CLANG_WARN_SUSPICIOUS_MOVE = YES;
				CLANG_WARN_UNGUARDED_AVAILABILITY = YES_AGGRESSIVE;
				CLANG_WARN_UNREACHABLE_CODE = YES;
				CLANG_WARN__DUPLICATE_METHOD_MATCH = YES;
				COPY_PHASE_STRIP = NO;
				DEBUG_INFORMATION_FORMAT = dwarf;
				ENABLE_STRICT_OBJC_MSGSEND = YES;
				ENABLE_TESTABILITY = YES;
				GCC_C_LANGUAGE_STANDARD = gnu11;
				GCC_DYNAMIC_NO_PIC = NO;
				GCC_NO_COMMON_BLOCKS = YES;
				GCC_OPTIMIZATION_LEVEL = 0;
				GCC_PREPROCESSOR_DEFINITIONS = (
					"DEBUG=1",
					"$(inherited)",
				);
				GCC_WARN_64_TO_32_BIT_CONVERSION = YES;
				GCC_WARN_ABOUT_RETURN_TYPE = YES_ERROR;
				GCC_WARN_UNDECLARED_SELECTOR = YES;
				GCC_WARN_UNINITIALIZED_AUTOS = YES_AGGRESSIVE;
				GCC_WARN_UNUSED_FUNCTION = YES;
				GCC_WARN_UNUSED_VARIABLE = YES;
				IPHONEOS_DEPLOYMENT_TARGET = 15.0;
				MTL_ENABLE_DEBUG_INFO = INCLUDE_SOURCE;
				MTL_FAST_MATH = YES;
				ONLY_ACTIVE_ARCH = YES;
				SDKROOT = iphoneos;
				SWIFT_ACTIVE_COMPILATION_CONDITIONS = DEBUG;
				SWIFT_OPTIMIZATION_LEVEL = "-Onone";
			};
			name = Debug;
		};
		377BAD3A2728176300A0CB14 /* Release */ = {
			isa = XCBuildConfiguration;
			buildSettings = {
				ALWAYS_SEARCH_USER_PATHS = NO;
				CLANG_ANALYZER_NONNULL = YES;
				CLANG_ANALYZER_NUMBER_OBJECT_CONVERSION = YES_AGGRESSIVE;
				CLANG_CXX_LANGUAGE_STANDARD = "gnu++17";
				CLANG_CXX_LIBRARY = "libc++";
				CLANG_ENABLE_MODULES = YES;
				CLANG_ENABLE_OBJC_ARC = YES;
				CLANG_ENABLE_OBJC_WEAK = YES;
				CLANG_WARN_BLOCK_CAPTURE_AUTORELEASING = YES;
				CLANG_WARN_BOOL_CONVERSION = YES;
				CLANG_WARN_COMMA = YES;
				CLANG_WARN_CONSTANT_CONVERSION = YES;
				CLANG_WARN_DEPRECATED_OBJC_IMPLEMENTATIONS = YES;
				CLANG_WARN_DIRECT_OBJC_ISA_USAGE = YES_ERROR;
				CLANG_WARN_DOCUMENTATION_COMMENTS = YES;
				CLANG_WARN_EMPTY_BODY = YES;
				CLANG_WARN_ENUM_CONVERSION = YES;
				CLANG_WARN_INFINITE_RECURSION = YES;
				CLANG_WARN_INT_CONVERSION = YES;
				CLANG_WARN_NON_LITERAL_NULL_CONVERSION = YES;
				CLANG_WARN_OBJC_IMPLICIT_RETAIN_SELF = YES;
				CLANG_WARN_OBJC_LITERAL_CONVERSION = YES;
				CLANG_WARN_OBJC_ROOT_CLASS = YES_ERROR;
				CLANG_WARN_QUOTED_INCLUDE_IN_FRAMEWORK_HEADER = YES;
				CLANG_WARN_RANGE_LOOP_ANALYSIS = YES;
				CLANG_WARN_STRICT_PROTOTYPES = YES;
				CLANG_WARN_SUSPICIOUS_MOVE = YES;
				CLANG_WARN_UNGUARDED_AVAILABILITY = YES_AGGRESSIVE;
				CLANG_WARN_UNREACHABLE_CODE = YES;
				CLANG_WARN__DUPLICATE_METHOD_MATCH = YES;
				COPY_PHASE_STRIP = NO;
				DEBUG_INFORMATION_FORMAT = "dwarf-with-dsym";
				ENABLE_NS_ASSERTIONS = NO;
				ENABLE_STRICT_OBJC_MSGSEND = YES;
				GCC_C_LANGUAGE_STANDARD = gnu11;
				GCC_NO_COMMON_BLOCKS = YES;
				GCC_WARN_64_TO_32_BIT_CONVERSION = YES;
				GCC_WARN_ABOUT_RETURN_TYPE = YES_ERROR;
				GCC_WARN_UNDECLARED_SELECTOR = YES;
				GCC_WARN_UNINITIALIZED_AUTOS = YES_AGGRESSIVE;
				GCC_WARN_UNUSED_FUNCTION = YES;
				GCC_WARN_UNUSED_VARIABLE = YES;
				IPHONEOS_DEPLOYMENT_TARGET = 15.0;
				MTL_ENABLE_DEBUG_INFO = NO;
				MTL_FAST_MATH = YES;
				SDKROOT = iphoneos;
				SWIFT_COMPILATION_MODE = wholemodule;
				SWIFT_OPTIMIZATION_LEVEL = "-O";
				VALIDATE_PRODUCT = YES;
			};
			name = Release;
		};
		377BAD3C2728176300A0CB14 /* Debug */ = {
			isa = XCBuildConfiguration;
			buildSettings = {
				ASSETCATALOG_COMPILER_APPICON_NAME = AppIcon;
				ASSETCATALOG_COMPILER_GLOBAL_ACCENT_COLOR_NAME = AccentColor;
				CODE_SIGN_STYLE = Automatic;
				CURRENT_PROJECT_VERSION = 1;
				DEVELOPMENT_ASSET_PATHS = "\"CoffeeOrderingApp/Preview Content\"";
				DEVELOPMENT_TEAM = H8XR2G622V;
				ENABLE_PREVIEWS = YES;
				GENERATE_INFOPLIST_FILE = YES;
				INFOPLIST_KEY_UIApplicationSceneManifest_Generation = YES;
				INFOPLIST_KEY_UIApplicationSupportsIndirectInputEvents = YES;
				INFOPLIST_KEY_UILaunchScreen_Generation = YES;
				INFOPLIST_KEY_UISupportedInterfaceOrientations_iPad = "UIInterfaceOrientationPortrait UIInterfaceOrientationPortraitUpsideDown UIInterfaceOrientationLandscapeLeft UIInterfaceOrientationLandscapeRight";
				INFOPLIST_KEY_UISupportedInterfaceOrientations_iPhone = "UIInterfaceOrientationPortrait UIInterfaceOrientationLandscapeLeft UIInterfaceOrientationLandscapeRight";
				IPHONEOS_DEPLOYMENT_TARGET = 14.0;
				LD_RUNPATH_SEARCH_PATHS = (
					"$(inherited)",
					"@executable_path/Frameworks",
				);
				MARKETING_VERSION = 1.0;
				PRODUCT_BUNDLE_IDENTIFIER = buchkoffJr.CoffeeOrderingApp;
				PRODUCT_NAME = "$(TARGET_NAME)";
				SWIFT_EMIT_LOC_STRINGS = YES;
				SWIFT_VERSION = 5.0;
				TARGETED_DEVICE_FAMILY = "1,2";
			};
			name = Debug;
		};
		377BAD3D2728176300A0CB14 /* Release */ = {
			isa = XCBuildConfiguration;
			buildSettings = {
				ASSETCATALOG_COMPILER_APPICON_NAME = AppIcon;
				ASSETCATALOG_COMPILER_GLOBAL_ACCENT_COLOR_NAME = AccentColor;
				CODE_SIGN_STYLE = Automatic;
				CURRENT_PROJECT_VERSION = 1;
				DEVELOPMENT_ASSET_PATHS = "\"CoffeeOrderingApp/Preview Content\"";
				DEVELOPMENT_TEAM = H8XR2G622V;
				ENABLE_PREVIEWS = YES;
				GENERATE_INFOPLIST_FILE = YES;
				INFOPLIST_KEY_UIApplicationSceneManifest_Generation = YES;
				INFOPLIST_KEY_UIApplicationSupportsIndirectInputEvents = YES;
				INFOPLIST_KEY_UILaunchScreen_Generation = YES;
				INFOPLIST_KEY_UISupportedInterfaceOrientations_iPad = "UIInterfaceOrientationPortrait UIInterfaceOrientationPortraitUpsideDown UIInterfaceOrientationLandscapeLeft UIInterfaceOrientationLandscapeRight";
				INFOPLIST_KEY_UISupportedInterfaceOrientations_iPhone = "UIInterfaceOrientationPortrait UIInterfaceOrientationLandscapeLeft UIInterfaceOrientationLandscapeRight";
				IPHONEOS_DEPLOYMENT_TARGET = 14.0;
				LD_RUNPATH_SEARCH_PATHS = (
					"$(inherited)",
					"@executable_path/Frameworks",
				);
				MARKETING_VERSION = 1.0;
				PRODUCT_BUNDLE_IDENTIFIER = buchkoffJr.CoffeeOrderingApp;
				PRODUCT_NAME = "$(TARGET_NAME)";
				SWIFT_EMIT_LOC_STRINGS = YES;
				SWIFT_VERSION = 5.0;
				TARGETED_DEVICE_FAMILY = "1,2";
			};
			name = Release;
		};
/* End XCBuildConfiguration section */

/* Begin XCConfigurationList section */
		377BAD282728176000A0CB14 /* Build configuration list for PBXProject "CoffeeOrderingApp" */ = {
			isa = XCConfigurationList;
			buildConfigurations = (
				377BAD392728176300A0CB14 /* Debug */,
				377BAD3A2728176300A0CB14 /* Release */,
			);
			defaultConfigurationIsVisible = 0;
			defaultConfigurationName = Release;
		};
		377BAD3B2728176300A0CB14 /* Build configuration list for PBXNativeTarget "CoffeeOrderingApp" */ = {
			isa = XCConfigurationList;
			buildConfigurations = (
				377BAD3C2728176300A0CB14 /* Debug */,
				377BAD3D2728176300A0CB14 /* Release */,
			);
			defaultConfigurationIsVisible = 0;
			defaultConfigurationName = Release;
		};
/* End XCConfigurationList section */
	};
	rootObject = 377BAD252728176000A0CB14 /* Project object */;
}
